// !$*UTF8*$!
{
	archiveVersion = 1;
	classes = {
	};
	objectVersion = 56;
	objects = {

/* Begin PBXBuildFile section */
		1879E57B29BF8C22008E58B0 /* RMGetAllCharactersResponse.swift in Sources */ = {isa = PBXBuildFile; fileRef = 1879E57A29BF8C22008E58B0 /* RMGetAllCharactersResponse.swift */; };
		187E372429C8660A0003EC80 /* CharacterListViewViewModel.swift in Sources */ = {isa = PBXBuildFile; fileRef = 187E372329C8660A0003EC80 /* CharacterListViewViewModel.swift */; };
		187E372829C866DD0003EC80 /* CharacterListView.swift in Sources */ = {isa = PBXBuildFile; fileRef = 187E372729C866DD0003EC80 /* CharacterListView.swift */; };
		187E372A29C86BDE0003EC80 /* Extensions.swift in Sources */ = {isa = PBXBuildFile; fileRef = 187E372929C86BDE0003EC80 /* Extensions.swift */; };
		18CE6E9829BCBA6D0075FCE5 /* AppDelegate.swift in Sources */ = {isa = PBXBuildFile; fileRef = 18CE6E9729BCBA6D0075FCE5 /* AppDelegate.swift */; };
		18CE6E9A29BCBA6D0075FCE5 /* SceneDelegate.swift in Sources */ = {isa = PBXBuildFile; fileRef = 18CE6E9929BCBA6D0075FCE5 /* SceneDelegate.swift */; };
		18CE6E9C29BCBA6D0075FCE5 /* RMTabBarController.swift in Sources */ = {isa = PBXBuildFile; fileRef = 18CE6E9B29BCBA6D0075FCE5 /* RMTabBarController.swift */; };
		18CE6EA129BCBA6F0075FCE5 /* Assets.xcassets in Resources */ = {isa = PBXBuildFile; fileRef = 18CE6EA029BCBA6F0075FCE5 /* Assets.xcassets */; };
		18CE6EA429BCBA6F0075FCE5 /* LaunchScreen.storyboard in Resources */ = {isa = PBXBuildFile; fileRef = 18CE6EA229BCBA6F0075FCE5 /* LaunchScreen.storyboard */; };
		18CE6EB329BCBF460075FCE5 /* RMLocation.swift in Sources */ = {isa = PBXBuildFile; fileRef = 18CE6EB229BCBF460075FCE5 /* RMLocation.swift */; };
		18CE6EB529BCBF540075FCE5 /* RMCharacter.swift in Sources */ = {isa = PBXBuildFile; fileRef = 18CE6EB429BCBF540075FCE5 /* RMCharacter.swift */; };
		18CE6EB729BCBF5A0075FCE5 /* RMEpisode.swift in Sources */ = {isa = PBXBuildFile; fileRef = 18CE6EB629BCBF5A0075FCE5 /* RMEpisode.swift */; };
		18CE6EBA29BCBFD90075FCE5 /* RMCharacterViewController.swift in Sources */ = {isa = PBXBuildFile; fileRef = 18CE6EB929BCBFD90075FCE5 /* RMCharacterViewController.swift */; };
		18CE6EBC29BCBFE80075FCE5 /* RMLocationViewController.swift in Sources */ = {isa = PBXBuildFile; fileRef = 18CE6EBB29BCBFE80075FCE5 /* RMLocationViewController.swift */; };
		18CE6EBE29BCBFFB0075FCE5 /* RMEpisodeViewController.swift in Sources */ = {isa = PBXBuildFile; fileRef = 18CE6EBD29BCBFFB0075FCE5 /* RMEpisodeViewController.swift */; };
		18CE6EC029BCC0090075FCE5 /* RMSettingsViewController.swift in Sources */ = {isa = PBXBuildFile; fileRef = 18CE6EBF29BCC0090075FCE5 /* RMSettingsViewController.swift */; };
		18CE6EC229BCE2CF0075FCE5 /* RMService.swift in Sources */ = {isa = PBXBuildFile; fileRef = 18CE6EC129BCE2CF0075FCE5 /* RMService.swift */; };
		18CE6EC429BCE2E30075FCE5 /* RMRequest.swift in Sources */ = {isa = PBXBuildFile; fileRef = 18CE6EC329BCE2E30075FCE5 /* RMRequest.swift */; };
		18CE6EC629BCE3CD0075FCE5 /* RMEndpoint.swift in Sources */ = {isa = PBXBuildFile; fileRef = 18CE6EC529BCE3CD0075FCE5 /* RMEndpoint.swift */; };
		18CE6EC829BCE8970075FCE5 /* RMOrigin.swift in Sources */ = {isa = PBXBuildFile; fileRef = 18CE6EC729BCE8970075FCE5 /* RMOrigin.swift */; };
		18CE6ECA29BCE9460075FCE5 /* RMSingleLocation.swift in Sources */ = {isa = PBXBuildFile; fileRef = 18CE6EC929BCE9460075FCE5 /* RMSingleLocation.swift */; };
		18CE6ECC29BCEA5E0075FCE5 /* RMCharacterStatus.swift in Sources */ = {isa = PBXBuildFile; fileRef = 18CE6ECB29BCEA5E0075FCE5 /* RMCharacterStatus.swift */; };
		18CE6ECE29BCEA8C0075FCE5 /* RMCharacterGender.swift in Sources */ = {isa = PBXBuildFile; fileRef = 18CE6ECD29BCEA8C0075FCE5 /* RMCharacterGender.swift */; };
/* End PBXBuildFile section */

/* Begin PBXFileReference section */
		1879E57A29BF8C22008E58B0 /* RMGetAllCharactersResponse.swift */ = {isa = PBXFileReference; lastKnownFileType = sourcecode.swift; path = RMGetAllCharactersResponse.swift; sourceTree = "<group>"; };
		187E372329C8660A0003EC80 /* CharacterListViewViewModel.swift */ = {isa = PBXFileReference; lastKnownFileType = sourcecode.swift; path = CharacterListViewViewModel.swift; sourceTree = "<group>"; };
		187E372729C866DD0003EC80 /* CharacterListView.swift */ = {isa = PBXFileReference; lastKnownFileType = sourcecode.swift; path = CharacterListView.swift; sourceTree = "<group>"; };
		187E372929C86BDE0003EC80 /* Extensions.swift */ = {isa = PBXFileReference; lastKnownFileType = sourcecode.swift; path = Extensions.swift; sourceTree = "<group>"; };
		18CE6E9429BCBA6D0075FCE5 /* RickAndMorty.app */ = {isa = PBXFileReference; explicitFileType = wrapper.application; includeInIndex = 0; path = RickAndMorty.app; sourceTree = BUILT_PRODUCTS_DIR; };
		18CE6E9729BCBA6D0075FCE5 /* AppDelegate.swift */ = {isa = PBXFileReference; lastKnownFileType = sourcecode.swift; path = AppDelegate.swift; sourceTree = "<group>"; };
		18CE6E9929BCBA6D0075FCE5 /* SceneDelegate.swift */ = {isa = PBXFileReference; lastKnownFileType = sourcecode.swift; path = SceneDelegate.swift; sourceTree = "<group>"; };
		18CE6E9B29BCBA6D0075FCE5 /* RMTabBarController.swift */ = {isa = PBXFileReference; lastKnownFileType = sourcecode.swift; path = RMTabBarController.swift; sourceTree = "<group>"; };
		18CE6EA029BCBA6F0075FCE5 /* Assets.xcassets */ = {isa = PBXFileReference; lastKnownFileType = folder.assetcatalog; path = Assets.xcassets; sourceTree = "<group>"; };
		18CE6EA329BCBA6F0075FCE5 /* Base */ = {isa = PBXFileReference; lastKnownFileType = file.storyboard; name = Base; path = Base.lproj/LaunchScreen.storyboard; sourceTree = "<group>"; };
		18CE6EA529BCBA6F0075FCE5 /* Info.plist */ = {isa = PBXFileReference; lastKnownFileType = text.plist.xml; path = Info.plist; sourceTree = "<group>"; };
		18CE6EB229BCBF460075FCE5 /* RMLocation.swift */ = {isa = PBXFileReference; lastKnownFileType = sourcecode.swift; path = RMLocation.swift; sourceTree = "<group>"; };
		18CE6EB429BCBF540075FCE5 /* RMCharacter.swift */ = {isa = PBXFileReference; lastKnownFileType = sourcecode.swift; path = RMCharacter.swift; sourceTree = "<group>"; };
		18CE6EB629BCBF5A0075FCE5 /* RMEpisode.swift */ = {isa = PBXFileReference; lastKnownFileType = sourcecode.swift; path = RMEpisode.swift; sourceTree = "<group>"; };
		18CE6EB929BCBFD90075FCE5 /* RMCharacterViewController.swift */ = {isa = PBXFileReference; lastKnownFileType = sourcecode.swift; path = RMCharacterViewController.swift; sourceTree = "<group>"; };
		18CE6EBB29BCBFE80075FCE5 /* RMLocationViewController.swift */ = {isa = PBXFileReference; lastKnownFileType = sourcecode.swift; path = RMLocationViewController.swift; sourceTree = "<group>"; };
		18CE6EBD29BCBFFB0075FCE5 /* RMEpisodeViewController.swift */ = {isa = PBXFileReference; lastKnownFileType = sourcecode.swift; path = RMEpisodeViewController.swift; sourceTree = "<group>"; };
		18CE6EBF29BCC0090075FCE5 /* RMSettingsViewController.swift */ = {isa = PBXFileReference; lastKnownFileType = sourcecode.swift; path = RMSettingsViewController.swift; sourceTree = "<group>"; };
		18CE6EC129BCE2CF0075FCE5 /* RMService.swift */ = {isa = PBXFileReference; lastKnownFileType = sourcecode.swift; path = RMService.swift; sourceTree = "<group>"; };
		18CE6EC329BCE2E30075FCE5 /* RMRequest.swift */ = {isa = PBXFileReference; lastKnownFileType = sourcecode.swift; path = RMRequest.swift; sourceTree = "<group>"; };
		18CE6EC529BCE3CD0075FCE5 /* RMEndpoint.swift */ = {isa = PBXFileReference; lastKnownFileType = sourcecode.swift; path = RMEndpoint.swift; sourceTree = "<group>"; };
		18CE6EC729BCE8970075FCE5 /* RMOrigin.swift */ = {isa = PBXFileReference; lastKnownFileType = sourcecode.swift; path = RMOrigin.swift; sourceTree = "<group>"; };
		18CE6EC929BCE9460075FCE5 /* RMSingleLocation.swift */ = {isa = PBXFileReference; lastKnownFileType = sourcecode.swift; path = RMSingleLocation.swift; sourceTree = "<group>"; };
		18CE6ECB29BCEA5E0075FCE5 /* RMCharacterStatus.swift */ = {isa = PBXFileReference; lastKnownFileType = sourcecode.swift; path = RMCharacterStatus.swift; sourceTree = "<group>"; };
		18CE6ECD29BCEA8C0075FCE5 /* RMCharacterGender.swift */ = {isa = PBXFileReference; lastKnownFileType = sourcecode.swift; path = RMCharacterGender.swift; sourceTree = "<group>"; };
/* End PBXFileReference section */

/* Begin PBXFrameworksBuildPhase section */
		18CE6E9129BCBA6D0075FCE5 /* Frameworks */ = {
			isa = PBXFrameworksBuildPhase;
			buildActionMask = 2147483647;
			files = (
			);
			runOnlyForDeploymentPostprocessing = 0;
		};
/* End PBXFrameworksBuildPhase section */

/* Begin PBXGroup section */
		1879E57829BF8BC7008E58B0 /* DataTypes */ = {
			isa = PBXGroup;
			children = (
				18CE6EB229BCBF460075FCE5 /* RMLocation.swift */,
				18CE6EB429BCBF540075FCE5 /* RMCharacter.swift */,
				18CE6EB629BCBF5A0075FCE5 /* RMEpisode.swift */,
				18CE6EC729BCE8970075FCE5 /* RMOrigin.swift */,
				18CE6EC929BCE9460075FCE5 /* RMSingleLocation.swift */,
				18CE6ECB29BCEA5E0075FCE5 /* RMCharacterStatus.swift */,
				18CE6ECD29BCEA8C0075FCE5 /* RMCharacterGender.swift */,
			);
			path = DataTypes;
			sourceTree = "<group>";
		};
		1879E57929BF8BE9008E58B0 /* APiResponsesTypes */ = {
			isa = PBXGroup;
			children = (
				1879E57A29BF8C22008E58B0 /* RMGetAllCharactersResponse.swift */,
			);
			path = APiResponsesTypes;
			sourceTree = "<group>";
		};
		18CE6E8B29BCBA6D0075FCE5 = {
			isa = PBXGroup;
			children = (
				18CE6E9629BCBA6D0075FCE5 /* RickAndMorty */,
				18CE6E9529BCBA6D0075FCE5 /* Products */,
			);
			sourceTree = "<group>";
		};
		18CE6E9529BCBA6D0075FCE5 /* Products */ = {
			isa = PBXGroup;
			children = (
				18CE6E9429BCBA6D0075FCE5 /* RickAndMorty.app */,
			);
			name = Products;
			sourceTree = "<group>";
		};
		18CE6E9629BCBA6D0075FCE5 /* RickAndMorty */ = {
			isa = PBXGroup;
			children = (
				18CE6EB129BCBE860075FCE5 /* Resources */,
				18CE6EB029BCBE6D0075FCE5 /* APIClient */,
				18CE6EAE29BCBE3D0075FCE5 /* Managers */,
				18CE6EAF29BCBE4C0075FCE5 /* Models */,
				18CE6EAD29BCBE330075FCE5 /* ViewModels */,
				18CE6EAC29BCBE2D0075FCE5 /* Views */,
				18CE6EAB29BCBE1F0075FCE5 /* Controllers */,
				18CE6EA529BCBA6F0075FCE5 /* Info.plist */,
			);
			path = RickAndMorty;
			sourceTree = "<group>";
		};
		18CE6EAB29BCBE1F0075FCE5 /* Controllers */ = {
			isa = PBXGroup;
			children = (
				18CE6EB829BCBFAF0075FCE5 /* Core */,
			);
			path = Controllers;
			sourceTree = "<group>";
		};
		18CE6EAC29BCBE2D0075FCE5 /* Views */ = {
			isa = PBXGroup;
			children = (
				187E372729C866DD0003EC80 /* CharacterListView.swift */,
			);
			path = Views;
			sourceTree = "<group>";
		};
		18CE6EAD29BCBE330075FCE5 /* ViewModels */ = {
			isa = PBXGroup;
			children = (
				187E372329C8660A0003EC80 /* CharacterListViewViewModel.swift */,
			);
			path = ViewModels;
			sourceTree = "<group>";
		};
		18CE6EAE29BCBE3D0075FCE5 /* Managers */ = {
			isa = PBXGroup;
			children = (
			);
			path = Managers;
			sourceTree = "<group>";
		};
		18CE6EAF29BCBE4C0075FCE5 /* Models */ = {
			isa = PBXGroup;
			children = (
				1879E57929BF8BE9008E58B0 /* APiResponsesTypes */,
				1879E57829BF8BC7008E58B0 /* DataTypes */,
			);
			path = Models;
			sourceTree = "<group>";
		};
		18CE6EB029BCBE6D0075FCE5 /* APIClient */ = {
			isa = PBXGroup;
			children = (
				18CE6EC129BCE2CF0075FCE5 /* RMService.swift */,
				18CE6EC329BCE2E30075FCE5 /* RMRequest.swift */,
				18CE6EC529BCE3CD0075FCE5 /* RMEndpoint.swift */,
			);
			path = APIClient;
			sourceTree = "<group>";
		};
		18CE6EB129BCBE860075FCE5 /* Resources */ = {
			isa = PBXGroup;
			children = (
				18CE6EA029BCBA6F0075FCE5 /* Assets.xcassets */,
				18CE6EA229BCBA6F0075FCE5 /* LaunchScreen.storyboard */,
				18CE6E9729BCBA6D0075FCE5 /* AppDelegate.swift */,
				18CE6E9929BCBA6D0075FCE5 /* SceneDelegate.swift */,
				187E372929C86BDE0003EC80 /* Extensions.swift */,
			);
			path = Resources;
			sourceTree = "<group>";
		};
		18CE6EB829BCBFAF0075FCE5 /* Core */ = {
			isa = PBXGroup;
			children = (
				18CE6E9B29BCBA6D0075FCE5 /* RMTabBarController.swift */,
				18CE6EB929BCBFD90075FCE5 /* RMCharacterViewController.swift */,
				18CE6EBB29BCBFE80075FCE5 /* RMLocationViewController.swift */,
				18CE6EBD29BCBFFB0075FCE5 /* RMEpisodeViewController.swift */,
				18CE6EBF29BCC0090075FCE5 /* RMSettingsViewController.swift */,
			);
			path = Core;
			sourceTree = "<group>";
		};
/* End PBXGroup section */

/* Begin PBXNativeTarget section */
		18CE6E9329BCBA6D0075FCE5 /* RickAndMorty */ = {
			isa = PBXNativeTarget;
			buildConfigurationList = 18CE6EA829BCBA6F0075FCE5 /* Build configuration list for PBXNativeTarget "RickAndMorty" */;
			buildPhases = (
				18CE6E9029BCBA6D0075FCE5 /* Sources */,
				18CE6E9129BCBA6D0075FCE5 /* Frameworks */,
				18CE6E9229BCBA6D0075FCE5 /* Resources */,
			);
			buildRules = (
			);
			dependencies = (
			);
			name = RickAndMorty;
			productName = RickAndMorty;
			productReference = 18CE6E9429BCBA6D0075FCE5 /* RickAndMorty.app */;
			productType = "com.apple.product-type.application";
		};
/* End PBXNativeTarget section */

/* Begin PBXProject section */
		18CE6E8C29BCBA6D0075FCE5 /* Project object */ = {
			isa = PBXProject;
			attributes = {
				BuildIndependentTargetsInParallel = 1;
				LastSwiftUpdateCheck = 1420;
				LastUpgradeCheck = 1420;
				TargetAttributes = {
					18CE6E9329BCBA6D0075FCE5 = {
						CreatedOnToolsVersion = 14.2;
					};
				};
			};
			buildConfigurationList = 18CE6E8F29BCBA6D0075FCE5 /* Build configuration list for PBXProject "RickAndMorty" */;
			compatibilityVersion = "Xcode 14.0";
			developmentRegion = en;
			hasScannedForEncodings = 0;
			knownRegions = (
				en,
				Base,
			);
			mainGroup = 18CE6E8B29BCBA6D0075FCE5;
			productRefGroup = 18CE6E9529BCBA6D0075FCE5 /* Products */;
			projectDirPath = "";
			projectRoot = "";
			targets = (
				18CE6E9329BCBA6D0075FCE5 /* RickAndMorty */,
			);
		};
/* End PBXProject section */

/* Begin PBXResourcesBuildPhase section */
		18CE6E9229BCBA6D0075FCE5 /* Resources */ = {
			isa = PBXResourcesBuildPhase;
			buildActionMask = 2147483647;
			files = (
				18CE6EA429BCBA6F0075FCE5 /* LaunchScreen.storyboard in Resources */,
				18CE6EA129BCBA6F0075FCE5 /* Assets.xcassets in Resources */,
			);
			runOnlyForDeploymentPostprocessing = 0;
		};
/* End PBXResourcesBuildPhase section */

/* Begin PBXSourcesBuildPhase section */
		18CE6E9029BCBA6D0075FCE5 /* Sources */ = {
			isa = PBXSourcesBuildPhase;
			buildActionMask = 2147483647;
			files = (
				18CE6EC829BCE8970075FCE5 /* RMOrigin.swift in Sources */,
				18CE6ECA29BCE9460075FCE5 /* RMSingleLocation.swift in Sources */,
				187E372829C866DD0003EC80 /* CharacterListView.swift in Sources */,
				18CE6ECC29BCEA5E0075FCE5 /* RMCharacterStatus.swift in Sources */,
				18CE6ECE29BCEA8C0075FCE5 /* RMCharacterGender.swift in Sources */,
				18CE6EBC29BCBFE80075FCE5 /* RMLocationViewController.swift in Sources */,
				18CE6EB729BCBF5A0075FCE5 /* RMEpisode.swift in Sources */,
				18CE6E9C29BCBA6D0075FCE5 /* RMTabBarController.swift in Sources */,
				18CE6EBE29BCBFFB0075FCE5 /* RMEpisodeViewController.swift in Sources */,
				18CE6EBA29BCBFD90075FCE5 /* RMCharacterViewController.swift in Sources */,
				18CE6E9829BCBA6D0075FCE5 /* AppDelegate.swift in Sources */,
				18CE6EC029BCC0090075FCE5 /* RMSettingsViewController.swift in Sources */,
				18CE6EC229BCE2CF0075FCE5 /* RMService.swift in Sources */,
				187E372A29C86BDE0003EC80 /* Extensions.swift in Sources */,
				18CE6E9A29BCBA6D0075FCE5 /* SceneDelegate.swift in Sources */,
				18CE6EC629BCE3CD0075FCE5 /* RMEndpoint.swift in Sources */,
				18CE6EB329BCBF460075FCE5 /* RMLocation.swift in Sources */,
				18CE6EC429BCE2E30075FCE5 /* RMRequest.swift in Sources */,
				18CE6EB529BCBF540075FCE5 /* RMCharacter.swift in Sources */,
				187E372429C8660A0003EC80 /* CharacterListViewViewModel.swift in Sources */,
				1879E57B29BF8C22008E58B0 /* RMGetAllCharactersResponse.swift in Sources */,
			);
			runOnlyForDeploymentPostprocessing = 0;
		};
/* End PBXSourcesBuildPhase section */

/* Begin PBXVariantGroup section */
		18CE6EA229BCBA6F0075FCE5 /* LaunchScreen.storyboard */ = {
			isa = PBXVariantGroup;
			children = (
				18CE6EA329BCBA6F0075FCE5 /* Base */,
			);
			name = LaunchScreen.storyboard;
			sourceTree = "<group>";
		};
/* End PBXVariantGroup section */

/* Begin XCBuildConfiguration section */
		18CE6EA629BCBA6F0075FCE5 /* Debug */ = {
			isa = XCBuildConfiguration;
			buildSettings = {
				ALWAYS_SEARCH_USER_PATHS = NO;
				CLANG_ANALYZER_NONNULL = YES;
				CLANG_ANALYZER_NUMBER_OBJECT_CONVERSION = YES_AGGRESSIVE;
				CLANG_CXX_LANGUAGE_STANDARD = "gnu++20";
				CLANG_ENABLE_MODULES = YES;
				CLANG_ENABLE_OBJC_ARC = YES;
				CLANG_ENABLE_OBJC_WEAK = YES;
				CLANG_WARN_BLOCK_CAPTURE_AUTORELEASING = YES;
				CLANG_WARN_BOOL_CONVERSION = YES;
				CLANG_WARN_COMMA = YES;
				CLANG_WARN_CONSTANT_CONVERSION = YES;
				CLANG_WARN_DEPRECATED_OBJC_IMPLEMENTATIONS = YES;
				CLANG_WARN_DIRECT_OBJC_ISA_USAGE = YES_ERROR;
				CLANG_WARN_DOCUMENTATION_COMMENTS = YES;
				CLANG_WARN_EMPTY_BODY = YES;
				CLANG_WARN_ENUM_CONVERSION = YES;
				CLANG_WARN_INFINITE_RECURSION = YES;
				CLANG_WARN_INT_CONVERSION = YES;
				CLANG_WARN_NON_LITERAL_NULL_CONVERSION = YES;
				CLANG_WARN_OBJC_IMPLICIT_RETAIN_SELF = YES;
				CLANG_WARN_OBJC_LITERAL_CONVERSION = YES;
				CLANG_WARN_OBJC_ROOT_CLASS = YES_ERROR;
				CLANG_WARN_QUOTED_INCLUDE_IN_FRAMEWORK_HEADER = YES;
				CLANG_WARN_RANGE_LOOP_ANALYSIS = YES;
				CLANG_WARN_STRICT_PROTOTYPES = YES;
				CLANG_WARN_SUSPICIOUS_MOVE = YES;
				CLANG_WARN_UNGUARDED_AVAILABILITY = YES_AGGRESSIVE;
				CLANG_WARN_UNREACHABLE_CODE = YES;
				CLANG_WARN__DUPLICATE_METHOD_MATCH = YES;
				COPY_PHASE_STRIP = NO;
				DEBUG_INFORMATION_FORMAT = dwarf;
				ENABLE_STRICT_OBJC_MSGSEND = YES;
				ENABLE_TESTABILITY = YES;
				GCC_C_LANGUAGE_STANDARD = gnu11;
				GCC_DYNAMIC_NO_PIC = NO;
				GCC_NO_COMMON_BLOCKS = YES;
				GCC_OPTIMIZATION_LEVEL = 0;
				GCC_PREPROCESSOR_DEFINITIONS = (
					"DEBUG=1",
					"$(inherited)",
				);
				GCC_WARN_64_TO_32_BIT_CONVERSION = YES;
				GCC_WARN_ABOUT_RETURN_TYPE = YES_ERROR;
				GCC_WARN_UNDECLARED_SELECTOR = YES;
				GCC_WARN_UNINITIALIZED_AUTOS = YES_AGGRESSIVE;
				GCC_WARN_UNUSED_FUNCTION = YES;
				GCC_WARN_UNUSED_VARIABLE = YES;
				IPHONEOS_DEPLOYMENT_TARGET = 16.2;
				MTL_ENABLE_DEBUG_INFO = INCLUDE_SOURCE;
				MTL_FAST_MATH = YES;
				ONLY_ACTIVE_ARCH = YES;
				SDKROOT = iphoneos;
				SWIFT_ACTIVE_COMPILATION_CONDITIONS = DEBUG;
				SWIFT_OPTIMIZATION_LEVEL = "-Onone";
			};
			name = Debug;
		};
		18CE6EA729BCBA6F0075FCE5 /* Release */ = {
			isa = XCBuildConfiguration;
			buildSettings = {
				ALWAYS_SEARCH_USER_PATHS = NO;
				CLANG_ANALYZER_NONNULL = YES;
				CLANG_ANALYZER_NUMBER_OBJECT_CONVERSION = YES_AGGRESSIVE;
				CLANG_CXX_LANGUAGE_STANDARD = "gnu++20";
				CLANG_ENABLE_MODULES = YES;
				CLANG_ENABLE_OBJC_ARC = YES;
				CLANG_ENABLE_OBJC_WEAK = YES;
				CLANG_WARN_BLOCK_CAPTURE_AUTORELEASING = YES;
				CLANG_WARN_BOOL_CONVERSION = YES;
				CLANG_WARN_COMMA = YES;
				CLANG_WARN_CONSTANT_CONVERSION = YES;
				CLANG_WARN_DEPRECATED_OBJC_IMPLEMENTATIONS = YES;
				CLANG_WARN_DIRECT_OBJC_ISA_USAGE = YES_ERROR;
				CLANG_WARN_DOCUMENTATION_COMMENTS = YES;
				CLANG_WARN_EMPTY_BODY = YES;
				CLANG_WARN_ENUM_CONVERSION = YES;
				CLANG_WARN_INFINITE_RECURSION = YES;
				CLANG_WARN_INT_CONVERSION = YES;
				CLANG_WARN_NON_LITERAL_NULL_CONVERSION = YES;
				CLANG_WARN_OBJC_IMPLICIT_RETAIN_SELF = YES;
				CLANG_WARN_OBJC_LITERAL_CONVERSION = YES;
				CLANG_WARN_OBJC_ROOT_CLASS = YES_ERROR;
				CLANG_WARN_QUOTED_INCLUDE_IN_FRAMEWORK_HEADER = YES;
				CLANG_WARN_RANGE_LOOP_ANALYSIS = YES;
				CLANG_WARN_STRICT_PROTOTYPES = YES;
				CLANG_WARN_SUSPICIOUS_MOVE = YES;
				CLANG_WARN_UNGUARDED_AVAILABILITY = YES_AGGRESSIVE;
				CLANG_WARN_UNREACHABLE_CODE = YES;
				CLANG_WARN__DUPLICATE_METHOD_MATCH = YES;
				COPY_PHASE_STRIP = NO;
				DEBUG_INFORMATION_FORMAT = "dwarf-with-dsym";
				ENABLE_NS_ASSERTIONS = NO;
				ENABLE_STRICT_OBJC_MSGSEND = YES;
				GCC_C_LANGUAGE_STANDARD = gnu11;
				GCC_NO_COMMON_BLOCKS = YES;
				GCC_WARN_64_TO_32_BIT_CONVERSION = YES;
				GCC_WARN_ABOUT_RETURN_TYPE = YES_ERROR;
				GCC_WARN_UNDECLARED_SELECTOR = YES;
				GCC_WARN_UNINITIALIZED_AUTOS = YES_AGGRESSIVE;
				GCC_WARN_UNUSED_FUNCTION = YES;
				GCC_WARN_UNUSED_VARIABLE = YES;
				IPHONEOS_DEPLOYMENT_TARGET = 16.2;
				MTL_ENABLE_DEBUG_INFO = NO;
				MTL_FAST_MATH = YES;
				SDKROOT = iphoneos;
				SWIFT_COMPILATION_MODE = wholemodule;
				SWIFT_OPTIMIZATION_LEVEL = "-O";
				VALIDATE_PRODUCT = YES;
			};
			name = Release;
		};
		18CE6EA929BCBA6F0075FCE5 /* Debug */ = {
			isa = XCBuildConfiguration;
			buildSettings = {
				ASSETCATALOG_COMPILER_APPICON_NAME = AppIcon;
				ASSETCATALOG_COMPILER_GLOBAL_ACCENT_COLOR_NAME = AccentColor;
				CODE_SIGN_STYLE = Automatic;
				CURRENT_PROJECT_VERSION = 1;
				DEVELOPMENT_TEAM = 9ZFQ37XS3D;
				GENERATE_INFOPLIST_FILE = YES;
				INFOPLIST_FILE = RickAndMorty/Info.plist;
				INFOPLIST_KEY_UIApplicationSupportsIndirectInputEvents = YES;
				INFOPLIST_KEY_UILaunchStoryboardName = LaunchScreen;
				INFOPLIST_KEY_UISupportedInterfaceOrientations_iPad = "UIInterfaceOrientationPortrait UIInterfaceOrientationPortraitUpsideDown UIInterfaceOrientationLandscapeLeft UIInterfaceOrientationLandscapeRight";
				INFOPLIST_KEY_UISupportedInterfaceOrientations_iPhone = "UIInterfaceOrientationPortrait UIInterfaceOrientationLandscapeLeft UIInterfaceOrientationLandscapeRight";
				LD_RUNPATH_SEARCH_PATHS = (
					"$(inherited)",
					"@executable_path/Frameworks",
				);
				MARKETING_VERSION = 1.0;
				PRODUCT_BUNDLE_IDENTIFIER = "Oleh-Dorozhovets.RickAndMorty";
				PRODUCT_NAME = "$(TARGET_NAME)";
				SWIFT_EMIT_LOC_STRINGS = YES;
				SWIFT_VERSION = 5.0;
				TARGETED_DEVICE_FAMILY = "1,2";
			};
			name = Debug;
		};
		18CE6EAA29BCBA6F0075FCE5 /* Release */ = {
			isa = XCBuildConfiguration;
			buildSettings = {
				ASSETCATALOG_COMPILER_APPICON_NAME = AppIcon;
				ASSETCATALOG_COMPILER_GLOBAL_ACCENT_COLOR_NAME = AccentColor;
				CODE_SIGN_STYLE = Automatic;
				CURRENT_PROJECT_VERSION = 1;
				DEVELOPMENT_TEAM = 9ZFQ37XS3D;
				GENERATE_INFOPLIST_FILE = YES;
				INFOPLIST_FILE = RickAndMorty/Info.plist;
				INFOPLIST_KEY_UIApplicationSupportsIndirectInputEvents = YES;
				INFOPLIST_KEY_UILaunchStoryboardName = LaunchScreen;
				INFOPLIST_KEY_UISupportedInterfaceOrientations_iPad = "UIInterfaceOrientationPortrait UIInterfaceOrientationPortraitUpsideDown UIInterfaceOrientationLandscapeLeft UIInterfaceOrientationLandscapeRight";
				INFOPLIST_KEY_UISupportedInterfaceOrientations_iPhone = "UIInterfaceOrientationPortrait UIInterfaceOrientationLandscapeLeft UIInterfaceOrientationLandscapeRight";
				LD_RUNPATH_SEARCH_PATHS = (
					"$(inherited)",
					"@executable_path/Frameworks",
				);
				MARKETING_VERSION = 1.0;
				PRODUCT_BUNDLE_IDENTIFIER = "Oleh-Dorozhovets.RickAndMorty";
				PRODUCT_NAME = "$(TARGET_NAME)";
				SWIFT_EMIT_LOC_STRINGS = YES;
				SWIFT_VERSION = 5.0;
				TARGETED_DEVICE_FAMILY = "1,2";
			};
			name = Release;
		};
/* End XCBuildConfiguration section */

/* Begin XCConfigurationList section */
		18CE6E8F29BCBA6D0075FCE5 /* Build configuration list for PBXProject "RickAndMorty" */ = {
			isa = XCConfigurationList;
			buildConfigurations = (
				18CE6EA629BCBA6F0075FCE5 /* Debug */,
				18CE6EA729BCBA6F0075FCE5 /* Release */,
			);
			defaultConfigurationIsVisible = 0;
			defaultConfigurationName = Release;
		};
		18CE6EA829BCBA6F0075FCE5 /* Build configuration list for PBXNativeTarget "RickAndMorty" */ = {
			isa = XCConfigurationList;
			buildConfigurations = (
				18CE6EA929BCBA6F0075FCE5 /* Debug */,
				18CE6EAA29BCBA6F0075FCE5 /* Release */,
			);
			defaultConfigurationIsVisible = 0;
			defaultConfigurationName = Release;
		};
/* End XCConfigurationList section */
	};
	rootObject = 18CE6E8C29BCBA6D0075FCE5 /* Project object */;
}
